
Microsoft Visual Studio Solution File, Format Version 12.00
# Visual Studio Version 16
VisualStudioVersion = 16.0.30621.155
MinimumVisualStudioVersion = 10.0.40219.1
Project("{FAE04EC0-301F-11D3-BF4B-00C04F79EFBC}") = "sampleweb", "sampleweb.csproj", "{720F3918-C29C-41FF-B9D0-052C21A45BC7}"
EndProject
Global
	GlobalSection(SolutionConfigurationPlatforms) = preSolution
		Debug|Any CPU = Debug|Any CPU
		Release|Any CPU = Release|Any CPU
	EndGlobalSection
	GlobalSection(ProjectConfigurationPlatforms) = postSolution
		{720F3918-C29C-41FF-B9D0-052C21A45BC7}.Debug|Any CPU.ActiveCfg = Debug|Any CPU
		{720F3918-C29C-41FF-B9D0-052C21A45BC7}.Debug|Any CPU.Build.0 = Debug|Any CPU
		{720F3918-C29C-41FF-B9D0-052C21A45BC7}.Release|Any CPU.ActiveCfg = Release|Any CPU
		{720F3918-C29C-41FF-B9D0-052C21A45BC7}.Release|Any CPU.Build.0 = Release|Any CPU
	EndGlobalSection
	GlobalSection(SolutionProperties) = preSolution
		HideSolutionNode = FALSE
	EndGlobalSection
	GlobalSection(ExtensibilityGlobals) = postSolution
		SolutionGuid = {91747E7E-BCC9-405F-85C8-0A8AE4171396}
	EndGlobalSection
EndGlobal
